
Microsoft Visual Studio Solution File, Format Version 12.00
# Visual Studio Version 17
VisualStudioVersion = 17.4.33103.184
MinimumVisualStudioVersion = 10.0.40219.1
Project("{9A19103F-16F7-4668-BE54-9A1E7A4F7556}") = "FunctionsIsolated", "FunctionsIsolated.csproj", "{B586095E-160C-46ED-8764-8445D3D47A9F}"
EndProject
Global
	GlobalSection(SolutionConfigurationPlatforms) = preSolution
		Debug|Any CPU = Debug|Any CPU
		Release|Any CPU = Release|Any CPU
	EndGlobalSection
	GlobalSection(ProjectConfigurationPlatforms) = postSolution
		{B586095E-160C-46ED-8764-8445D3D47A9F}.Debug|Any CPU.ActiveCfg = Debug|Any CPU
		{B586095E-160C-46ED-8764-8445D3D47A9F}.Debug|Any CPU.Build.0 = Debug|Any CPU
		{B586095E-160C-46ED-8764-8445D3D47A9F}.Release|Any CPU.ActiveCfg = Release|Any CPU
		{B586095E-160C-46ED-8764-8445D3D47A9F}.Release|Any CPU.Build.0 = Release|Any CPU
	EndGlobalSection
	GlobalSection(SolutionProperties) = preSolution
		HideSolutionNode = FALSE
	EndGlobalSection
	GlobalSection(ExtensibilityGlobals) = postSolution
		SolutionGuid = {72E22619-C8B6-4CA3-98A9-3833AA142325}
	EndGlobalSection
EndGlobal
